
Microsoft Visual Studio Solution File, Format Version 12.00
# Visual Studio Version 16
VisualStudioVersion = 16.0.30413.136
MinimumVisualStudioVersion = 10.0.40219.1
Project("{8BC9CEB8-8B4A-11D0-8D11-00A0C91BC942}") = "SimUDuck", "SimUDuck.vcxproj", "{6F7A7CAA-2E7A-4CC6-9A3B-5B03B5899A31}"
EndProject
Project("{8BC9CEB8-8B4A-11D0-8D11-00A0C91BC942}") = "fp-strategy", "..\fp-strategy\fp-strategy.vcxproj", "{24722102-0101-42FE-8C52-E7DE78362B2C}"
EndProject
Global
	GlobalSection(SolutionConfigurationPlatforms) = preSolution
		Debug|x64 = Debug|x64
		Debug|x86 = Debug|x86
		Release|x64 = Release|x64
		Release|x86 = Release|x86
	EndGlobalSection
	GlobalSection(ProjectConfigurationPlatforms) = postSolution
		{6F7A7CAA-2E7A-4CC6-9A3B-5B03B5899A31}.Debug|x64.ActiveCfg = Debug|x64
		{6F7A7CAA-2E7A-4CC6-9A3B-5B03B5899A31}.Debug|x64.Build.0 = Debug|x64
		{6F7A7CAA-2E7A-4CC6-9A3B-5B03B5899A31}.Debug|x86.ActiveCfg = Debug|Win32
		{6F7A7CAA-2E7A-4CC6-9A3B-5B03B5899A31}.Debug|x86.Build.0 = Debug|Win32
		{6F7A7CAA-2E7A-4CC6-9A3B-5B03B5899A31}.Release|x64.ActiveCfg = Release|x64
		{6F7A7CAA-2E7A-4CC6-9A3B-5B03B5899A31}.Release|x64.Build.0 = Release|x64
		{6F7A7CAA-2E7A-4CC6-9A3B-5B03B5899A31}.Release|x86.ActiveCfg = Release|Win32
		{6F7A7CAA-2E7A-4CC6-9A3B-5B03B5899A31}.Release|x86.Build.0 = Release|Win32
		{24722102-0101-42FE-8C52-E7DE78362B2C}.Debug|x64.ActiveCfg = Debug|x64
		{24722102-0101-42FE-8C52-E7DE78362B2C}.Debug|x64.Build.0 = Debug|x64
		{24722102-0101-42FE-8C52-E7DE78362B2C}.Debug|x86.ActiveCfg = Debug|Win32
		{24722102-0101-42FE-8C52-E7DE78362B2C}.Debug|x86.Build.0 = Debug|Win32
		{24722102-0101-42FE-8C52-E7DE78362B2C}.Release|x64.ActiveCfg = Release|x64
		{24722102-0101-42FE-8C52-E7DE78362B2C}.Release|x64.Build.0 = Release|x64
		{24722102-0101-42FE-8C52-E7DE78362B2C}.Release|x86.ActiveCfg = Release|Win32
		{24722102-0101-42FE-8C52-E7DE78362B2C}.Release|x86.Build.0 = Release|Win32
	EndGlobalSection
	GlobalSection(SolutionProperties) = preSolution
		HideSolutionNode = FALSE
	EndGlobalSection
	GlobalSection(ExtensibilityGlobals) = postSolution
		SolutionGuid = {C15D2BA7-A2CF-4A16-85D3-DAC0B61718B7}
	EndGlobalSection
EndGlobal
